// !$*UTF8*$!
{
	archiveVersion = 1;
	classes = {
	};
	objectVersion = 77;
	objects = {

/* Begin PBXBuildFile section */
		102797B8CC0FEF72DB4D01DF /* SubjectPicker.swift in Sources */ = {isa = PBXBuildFile; fileRef = 24E39FFA9907B61D159848BE /* SubjectPicker.swift */; };
		15AE5DBD05DBE3CE468B12F7 /* SessionAlerts.swift in Sources */ = {isa = PBXBuildFile; fileRef = 1309DDF384E2F844653B0B32 /* SessionAlerts.swift */; };
		17775DC616C6FCDF4313B03A /* Motion.swift in Sources */ = {isa = PBXBuildFile; fileRef = 5B8125987321C9C8AEA5B9A8 /* Motion.swift */; };
		18456788418A185BDEBFF9E6 /* SessionRuntime.swift in Sources */ = {isa = PBXBuildFile; fileRef = 9CA3439E31625AE5D9A9F009 /* SessionRuntime.swift */; };
		19F035EDD477589ECFA9596A /* StartView.swift in Sources */ = {isa = PBXBuildFile; fileRef = 1EAB8755B77699528C038DCD /* StartView.swift */; };
		1C36EEBC95F285CE97B58C5D /* RunningView.swift in Sources */ = {isa = PBXBuildFile; fileRef = AA1190389AF45A3D9D91DE58 /* RunningView.swift */; };
		38B40E6845BE5EEF066699B0 /* SnapshotStore.swift in Sources */ = {isa = PBXBuildFile; fileRef = 850E867C6B95294573F84B5D /* SnapshotStore.swift */; };
		3A02C322C2C8A28DB6CD19F7 /* Intents.swift in Sources */ = {isa = PBXBuildFile; fileRef = 8F4A3B1D342701FFD25F739A /* Intents.swift */; };
		426A581AA6EA3C0383739028 /* Models.swift in Sources */ = {isa = PBXBuildFile; fileRef = 54334F5537871E2C7EA6BD23 /* Models.swift */; };
		448FA7D0D0CF39FA4FFA2638 /* SyncClient.swift in Sources */ = {isa = PBXBuildFile; fileRef = 4764E9AACBF24D7A5C1F3BB4 /* SyncClient.swift */; };
		466037A6A26E46CE6B34FFD6 /* SessionAssembly.swift in Sources */ = {isa = PBXBuildFile; fileRef = 493D93037765AD89B20E4CCB /* SessionAssembly.swift */; };
		4AFDA592407F8C46E3C9B3B8 /* Format.swift in Sources */ = {isa = PBXBuildFile; fileRef = 8ACB09F69A16D15845B39A78 /* Format.swift */; };
		4B2DEDED08E48CC853E5C339 /* SessionAssembly.swift in Sources */ = {isa = PBXBuildFile; fileRef = 493D93037765AD89B20E4CCB /* SessionAssembly.swift */; };
		4BC244454B11E6A446442918 /* Complication.swift in Sources */ = {isa = PBXBuildFile; fileRef = 3FD263511FA5FADEE6B0EF0D /* Complication.swift */; };
		4E140947BD1A396FE4370AB3 /* SessionStore.swift in Sources */ = {isa = PBXBuildFile; fileRef = A431A00C17F2B16602C52A97 /* SessionStore.swift */; };
		4FD05E66B14BE0DA3BDE67CE /* Settings.swift in Sources */ = {isa = PBXBuildFile; fileRef = B55D46CCF4E039C2BD138E8D /* Settings.swift */; };
		5774404070B8F450004D34E5 /* Numerals.swift in Sources */ = {isa = PBXBuildFile; fileRef = 00A63377F93089CCF2F40A27 /* Numerals.swift */; };
		5CCD951ACB80EA46ED4EF632 /* DTO.swift in Sources */ = {isa = PBXBuildFile; fileRef = 3B1EF7E010299E5578853698 /* DTO.swift */; };
		605560B8D8A8C3AB937C33AD /* SettingsView.swift in Sources */ = {isa = PBXBuildFile; fileRef = 396BE373F45A58AC71379D7C /* SettingsView.swift */; };
		650055184262F15DB6E1666A /* DiemTests.swift in Sources */ = {isa = PBXBuildFile; fileRef = 4DD2D4174827420C7CBF92F8 /* DiemTests.swift */; };
		71118322CA68582B97F5DCBA /* DTO.swift in Sources */ = {isa = PBXBuildFile; fileRef = 3B1EF7E010299E5578853698 /* DTO.swift */; };
		7127006E0B304302ABF54FA3 /* Typography.swift in Sources */ = {isa = PBXBuildFile; fileRef = 4A8808013FF35134425D8B07 /* Typography.swift */; };
		7B42C5BFED6D5B4A5156A6A2 /* Container.swift in Sources */ = {isa = PBXBuildFile; fileRef = E9AD57DC0DA581EFD592A7D6 /* Container.swift */; };
		83573A6D177151E3777778B3 /* SubjectBar.swift in Sources */ = {isa = PBXBuildFile; fileRef = 4F910F20434CE64811FABA46 /* SubjectBar.swift */; };
		84773571E410F4AF79F37DCE /* Day.swift in Sources */ = {isa = PBXBuildFile; fileRef = 345FD0320E7194708893ED01 /* Day.swift */; };
		902110CC4B6488E1058A16CD /* Models.swift in Sources */ = {isa = PBXBuildFile; fileRef = 54334F5537871E2C7EA6BD23 /* Models.swift */; };
		9C0D8270DF11F8EBADF6C4C9 /* Scrub.swift in Sources */ = {isa = PBXBuildFile; fileRef = BCCD9CE090CFD7D47DBA617E /* Scrub.swift */; };
		A37C10458A3F88698285F562 /* Motion.swift in Sources */ = {isa = PBXBuildFile; fileRef = 5B8125987321C9C8AEA5B9A8 /* Motion.swift */; };
		A6551F7FE6B4B8A0B90ED2ED /* SessionAlerts.swift in Sources */ = {isa = PBXBuildFile; fileRef = 1309DDF384E2F844653B0B32 /* SessionAlerts.swift */; };
		ABE1F285957D3A6DBD5B0360 /* Controls.swift in Sources */ = {isa = PBXBuildFile; fileRef = A55157A3FE9999E61B7D9E5E /* Controls.swift */; };
		AC29144BCBC0923AE6735F08 /* Ring.swift in Sources */ = {isa = PBXBuildFile; fileRef = D5F0C3D3CDD39E28D521A192 /* Ring.swift */; };
		AEA9FC2DBE46414299FFE7C0 /* Palette.swift in Sources */ = {isa = PBXBuildFile; fileRef = 79FEC56E15B2434B72337B47 /* Palette.swift */; };
		AFFDDE4A3FC725C9A314E82D /* DiemWidgetBundle.swift in Sources */ = {isa = PBXBuildFile; fileRef = FB648F818F8AE1222827AF03 /* DiemWidgetBundle.swift */; };
		B04F45B3BDC60952EA406062 /* DiemApp.swift in Sources */ = {isa = PBXBuildFile; fileRef = CFE0F828464AEA4AD60AE1DE /* DiemApp.swift */; };
		B258B395551BE10C62780F86 /* Format.swift in Sources */ = {isa = PBXBuildFile; fileRef = 8ACB09F69A16D15845B39A78 /* Format.swift */; };
		B4585CB61E618E0CCB12983F /* Haptics.swift in Sources */ = {isa = PBXBuildFile; fileRef = D03D2744555792EAD554FC6D /* Haptics.swift */; };
		B49EBA3B30767EA5875C7C3B /* Container.swift in Sources */ = {isa = PBXBuildFile; fileRef = E9AD57DC0DA581EFD592A7D6 /* Container.swift */; };
		B6486D209E84FE05B76ACEF6 /* Haptics.swift in Sources */ = {isa = PBXBuildFile; fileRef = D03D2744555792EAD554FC6D /* Haptics.swift */; };
		B70E2786F2C7BBE9BABD279A /* SessionStore.swift in Sources */ = {isa = PBXBuildFile; fileRef = A431A00C17F2B16602C52A97 /* SessionStore.swift */; };
		B70ED183C7D835B6BBF76FA3 /* SubjectRing.swift in Sources */ = {isa = PBXBuildFile; fileRef = D52F0387E69EB6DE2ADD2DFE /* SubjectRing.swift */; };
		B87ACF0AC9B18D033CD253FA /* DoneView.swift in Sources */ = {isa = PBXBuildFile; fileRef = FCDC46FDA778F65903E1156E /* DoneView.swift */; };
		BDA0053295165F6AB258D933 /* Provider.swift in Sources */ = {isa = PBXBuildFile; fileRef = A4ABBA0C62A1A0B7B450260B /* Provider.swift */; };
		BDC2D1BCBC6C0E909B4E6599 /* Settings.swift in Sources */ = {isa = PBXBuildFile; fileRef = B55D46CCF4E039C2BD138E8D /* Settings.swift */; };
		BE435EE517C230A26F87AA70 /* LayoutHarness.swift in Sources */ = {isa = PBXBuildFile; fileRef = 63286F0EAC4BFBC2B1A94BC5 /* LayoutHarness.swift */; };
		BFEE3537A3A6C8C0440D79D8 /* DiemWidget.appex in Embed Foundation Extensions */ = {isa = PBXBuildFile; fileRef = 6B9823903628D82B230AE4D1 /* DiemWidget.appex */; settings = {ATTRIBUTES = (RemoveHeadersOnCopy, ); }; };
		C01B4DF497668C32985838B0 /* MetricsView.swift in Sources */ = {isa = PBXBuildFile; fileRef = 31A588ACBD2EE823959933BB /* MetricsView.swift */; };
		C309A1B7ADB3CE0DD25781F4 /* PairingView.swift in Sources */ = {isa = PBXBuildFile; fileRef = 37FDC359D05C5F9A350995E4 /* PairingView.swift */; };
		C435490633FE5427479DFD53 /* Intents.swift in Sources */ = {isa = PBXBuildFile; fileRef = 8F4A3B1D342701FFD25F739A /* Intents.swift */; };
		C7588ED70D2F2A49D9D48D4B /* Palette.swift in Sources */ = {isa = PBXBuildFile; fileRef = 79FEC56E15B2434B72337B47 /* Palette.swift */; };
		CC53FB880880FB2E5B77428E /* RootView.swift in Sources */ = {isa = PBXBuildFile; fileRef = CF2ADE59FD605940AF33827A /* RootView.swift */; };
		CCCC93EDE1365C7BE0936A50 /* StartControl.swift in Sources */ = {isa = PBXBuildFile; fileRef = FDEC20F754782AA88524FCCA /* StartControl.swift */; };
		CE93E80364AA84EECC757359 /* Confirmation.swift in Sources */ = {isa = PBXBuildFile; fileRef = 1014A2DC203E5ADC6C6E3C68 /* Confirmation.swift */; };
		D5C8AD7080992B6F60A6BF1D /* Typography.swift in Sources */ = {isa = PBXBuildFile; fileRef = 4A8808013FF35134425D8B07 /* Typography.swift */; };
		D97BED35C8FFEBD56BE64AEE /* SnapshotStore.swift in Sources */ = {isa = PBXBuildFile; fileRef = 850E867C6B95294573F84B5D /* SnapshotStore.swift */; };
		DA6F02583ECFCEB70EB11F0A /* Snapshot.swift in Sources */ = {isa = PBXBuildFile; fileRef = 6F7012673AE82E08FDA6339B /* Snapshot.swift */; };
		DF505FA3534DDDAD9C1DC5E7 /* Snapshot.swift in Sources */ = {isa = PBXBuildFile; fileRef = 6F7012673AE82E08FDA6339B /* Snapshot.swift */; };
		E03422E7E56F81AD6AFFB433 /* Day.swift in Sources */ = {isa = PBXBuildFile; fileRef = 345FD0320E7194708893ED01 /* Day.swift */; };
/* End PBXBuildFile section */

/* Begin PBXContainerItemProxy section */
		9550B7485D69BC6D6E3CE638 /* PBXContainerItemProxy */ = {
			isa = PBXContainerItemProxy;
			containerPortal = 26475DF56FCF64F8B7210BE1 /* Project object */;
			proxyType = 1;
			remoteGlobalIDString = 2B944C8E2816BC22DCDCE744;
			remoteInfo = DiemWidget;
		};
		EAB23CD1B3FA202CD5E0D0D3 /* PBXContainerItemProxy */ = {
			isa = PBXContainerItemProxy;
			containerPortal = 26475DF56FCF64F8B7210BE1 /* Project object */;
			proxyType = 1;
			remoteGlobalIDString = 3C7A05BFB9FB2312E47D6253;
			remoteInfo = Diem;
		};
/* End PBXContainerItemProxy section */

/* Begin PBXCopyFilesBuildPhase section */
		6D9F630701A32CEAD70B9937 /* Embed Foundation Extensions */ = {
			isa = PBXCopyFilesBuildPhase;
			buildActionMask = 2147483647;
			dstPath = "";
			dstSubfolderSpec = 13;
			files = (
				BFEE3537A3A6C8C0440D79D8 /* DiemWidget.appex in Embed Foundation Extensions */,
			);
			name = "Embed Foundation Extensions";
			runOnlyForDeploymentPostprocessing = 0;
		};
/* End PBXCopyFilesBuildPhase section */

/* Begin PBXFileReference section */
		00A63377F93089CCF2F40A27 /* Numerals.swift */ = {isa = PBXFileReference; lastKnownFileType = sourcecode.swift; path = Numerals.swift; sourceTree = "<group>"; };
		1014A2DC203E5ADC6C6E3C68 /* Confirmation.swift */ = {isa = PBXFileReference; lastKnownFileType = sourcecode.swift; path = Confirmation.swift; sourceTree = "<group>"; };
		1309DDF384E2F844653B0B32 /* SessionAlerts.swift */ = {isa = PBXFileReference; lastKnownFileType = sourcecode.swift; path = SessionAlerts.swift; sourceTree = "<group>"; };
		198653713F9F948208B093AA /* DiemTests.xctest */ = {isa = PBXFileReference; explicitFileType = wrapper.cfbundle; includeInIndex = 0; path = DiemTests.xctest; sourceTree = BUILT_PRODUCTS_DIR; };
		1EAB8755B77699528C038DCD /* StartView.swift */ = {isa = PBXFileReference; lastKnownFileType = sourcecode.swift; path = StartView.swift; sourceTree = "<group>"; };
		24E39FFA9907B61D159848BE /* SubjectPicker.swift */ = {isa = PBXFileReference; lastKnownFileType = sourcecode.swift; path = SubjectPicker.swift; sourceTree = "<group>"; };
		26905331B0EEDB29ACC59369 /* Diem.entitlements */ = {isa = PBXFileReference; lastKnownFileType = text.plist.entitlements; path = Diem.entitlements; sourceTree = "<group>"; };
		31A588ACBD2EE823959933BB /* MetricsView.swift */ = {isa = PBXFileReference; lastKnownFileType = sourcecode.swift; path = MetricsView.swift; sourceTree = "<group>"; };
		345FD0320E7194708893ED01 /* Day.swift */ = {isa = PBXFileReference; lastKnownFileType = sourcecode.swift; path = Day.swift; sourceTree = "<group>"; };
		37FDC359D05C5F9A350995E4 /* PairingView.swift */ = {isa = PBXFileReference; lastKnownFileType = sourcecode.swift; path = PairingView.swift; sourceTree = "<group>"; };
		396BE373F45A58AC71379D7C /* SettingsView.swift */ = {isa = PBXFileReference; lastKnownFileType = sourcecode.swift; path = SettingsView.swift; sourceTree = "<group>"; };
		3B1EF7E010299E5578853698 /* DTO.swift */ = {isa = PBXFileReference; lastKnownFileType = sourcecode.swift; path = DTO.swift; sourceTree = "<group>"; };
		3FD263511FA5FADEE6B0EF0D /* Complication.swift */ = {isa = PBXFileReference; lastKnownFileType = sourcecode.swift; path = Complication.swift; sourceTree = "<group>"; };
		4764E9AACBF24D7A5C1F3BB4 /* SyncClient.swift */ = {isa = PBXFileReference; lastKnownFileType = sourcecode.swift; path = SyncClient.swift; sourceTree = "<group>"; };
		493D93037765AD89B20E4CCB /* SessionAssembly.swift */ = {isa = PBXFileReference; lastKnownFileType = sourcecode.swift; path = SessionAssembly.swift; sourceTree = "<group>"; };
		497EB67135A295700F61758D /* Info.plist */ = {isa = PBXFileReference; lastKnownFileType = text.plist; path = Info.plist; sourceTree = "<group>"; };
		4A8808013FF35134425D8B07 /* Typography.swift */ = {isa = PBXFileReference; lastKnownFileType = sourcecode.swift; path = Typography.swift; sourceTree = "<group>"; };
		4DD2D4174827420C7CBF92F8 /* DiemTests.swift */ = {isa = PBXFileReference; lastKnownFileType = sourcecode.swift; path = DiemTests.swift; sourceTree = "<group>"; };
		4F910F20434CE64811FABA46 /* SubjectBar.swift */ = {isa = PBXFileReference; lastKnownFileType = sourcecode.swift; path = SubjectBar.swift; sourceTree = "<group>"; };
		54334F5537871E2C7EA6BD23 /* Models.swift */ = {isa = PBXFileReference; lastKnownFileType = sourcecode.swift; path = Models.swift; sourceTree = "<group>"; };
		5B8125987321C9C8AEA5B9A8 /* Motion.swift */ = {isa = PBXFileReference; lastKnownFileType = sourcecode.swift; path = Motion.swift; sourceTree = "<group>"; };
		63286F0EAC4BFBC2B1A94BC5 /* LayoutHarness.swift */ = {isa = PBXFileReference; lastKnownFileType = sourcecode.swift; path = LayoutHarness.swift; sourceTree = "<group>"; };
		6B9823903628D82B230AE4D1 /* DiemWidget.appex */ = {isa = PBXFileReference; explicitFileType = "wrapper.app-extension"; includeInIndex = 0; path = DiemWidget.appex; sourceTree = BUILT_PRODUCTS_DIR; };
		6F7012673AE82E08FDA6339B /* Snapshot.swift */ = {isa = PBXFileReference; lastKnownFileType = sourcecode.swift; path = Snapshot.swift; sourceTree = "<group>"; };
		79FEC56E15B2434B72337B47 /* Palette.swift */ = {isa = PBXFileReference; lastKnownFileType = sourcecode.swift; path = Palette.swift; sourceTree = "<group>"; };
		850E867C6B95294573F84B5D /* SnapshotStore.swift */ = {isa = PBXFileReference; lastKnownFileType = sourcecode.swift; path = SnapshotStore.swift; sourceTree = "<group>"; };
		8ACB09F69A16D15845B39A78 /* Format.swift */ = {isa = PBXFileReference; lastKnownFileType = sourcecode.swift; path = Format.swift; sourceTree = "<group>"; };
		8F4A3B1D342701FFD25F739A /* Intents.swift */ = {isa = PBXFileReference; lastKnownFileType = sourcecode.swift; path = Intents.swift; sourceTree = "<group>"; };
		9CA3439E31625AE5D9A9F009 /* SessionRuntime.swift */ = {isa = PBXFileReference; lastKnownFileType = sourcecode.swift; path = SessionRuntime.swift; sourceTree = "<group>"; };
		A431A00C17F2B16602C52A97 /* SessionStore.swift */ = {isa = PBXFileReference; lastKnownFileType = sourcecode.swift; path = SessionStore.swift; sourceTree = "<group>"; };
		A4ABBA0C62A1A0B7B450260B /* Provider.swift */ = {isa = PBXFileReference; lastKnownFileType = sourcecode.swift; path = Provider.swift; sourceTree = "<group>"; };
		A55157A3FE9999E61B7D9E5E /* Controls.swift */ = {isa = PBXFileReference; lastKnownFileType = sourcecode.swift; path = Controls.swift; sourceTree = "<group>"; };
		AA1190389AF45A3D9D91DE58 /* RunningView.swift */ = {isa = PBXFileReference; lastKnownFileType = sourcecode.swift; path = RunningView.swift; sourceTree = "<group>"; };
		B55D46CCF4E039C2BD138E8D /* Settings.swift */ = {isa = PBXFileReference; lastKnownFileType = sourcecode.swift; path = Settings.swift; sourceTree = "<group>"; };
		BCCD9CE090CFD7D47DBA617E /* Scrub.swift */ = {isa = PBXFileReference; lastKnownFileType = sourcecode.swift; path = Scrub.swift; sourceTree = "<group>"; };
		C2F1A65C6496ACA604C0DEB1 /* Info.plist */ = {isa = PBXFileReference; lastKnownFileType = text.plist; path = Info.plist; sourceTree = "<group>"; };
		CC07A5D640484D3EC700CC65 /* DiemWidget.entitlements */ = {isa = PBXFileReference; lastKnownFileType = text.plist.entitlements; path = DiemWidget.entitlements; sourceTree = "<group>"; };
		CDA60C35C368320B2F421887 /* README.md */ = {isa = PBXFileReference; lastKnownFileType = net.daringfireball.markdown; path = README.md; sourceTree = "<group>"; };
		CF2ADE59FD605940AF33827A /* RootView.swift */ = {isa = PBXFileReference; lastKnownFileType = sourcecode.swift; path = RootView.swift; sourceTree = "<group>"; };
		CFE0F828464AEA4AD60AE1DE /* DiemApp.swift */ = {isa = PBXFileReference; lastKnownFileType = sourcecode.swift; path = DiemApp.swift; sourceTree = "<group>"; };
		D03D2744555792EAD554FC6D /* Haptics.swift */ = {isa = PBXFileReference; lastKnownFileType = sourcecode.swift; path = Haptics.swift; sourceTree = "<group>"; };
		D52F0387E69EB6DE2ADD2DFE /* SubjectRing.swift */ = {isa = PBXFileReference; lastKnownFileType = sourcecode.swift; path = SubjectRing.swift; sourceTree = "<group>"; };
		D5F0C3D3CDD39E28D521A192 /* Ring.swift */ = {isa = PBXFileReference; lastKnownFileType = sourcecode.swift; path = Ring.swift; sourceTree = "<group>"; };
		E9AD57DC0DA581EFD592A7D6 /* Container.swift */ = {isa = PBXFileReference; lastKnownFileType = sourcecode.swift; path = Container.swift; sourceTree = "<group>"; };
		F154811349A5EF4469942DD3 /* Diem.app */ = {isa = PBXFileReference; explicitFileType = wrapper.application; includeInIndex = 0; path = Diem.app; sourceTree = BUILT_PRODUCTS_DIR; };
		FB648F818F8AE1222827AF03 /* DiemWidgetBundle.swift */ = {isa = PBXFileReference; lastKnownFileType = sourcecode.swift; path = DiemWidgetBundle.swift; sourceTree = "<group>"; };
		FCDC46FDA778F65903E1156E /* DoneView.swift */ = {isa = PBXFileReference; lastKnownFileType = sourcecode.swift; path = DoneView.swift; sourceTree = "<group>"; };
		FDEC20F754782AA88524FCCA /* StartControl.swift */ = {isa = PBXFileReference; lastKnownFileType = sourcecode.swift; path = StartControl.swift; sourceTree = "<group>"; };
/* End PBXFileReference section */

/* Begin PBXGroup section */
		110DA6468804FD86538712D6 /* Diem */ = {
			isa = PBXGroup;
			children = (
				26905331B0EEDB29ACC59369 /* Diem.entitlements */,
				CFE0F828464AEA4AD60AE1DE /* DiemApp.swift */,
				497EB67135A295700F61758D /* Info.plist */,
				15101824FB97D042EF050EA2 /* Design */,
				3E76690061FB770111A737C8 /* Intents */,
				2A8D23BB1D6884B5710BB740 /* Model */,
				DEE89DE3E2D2212A526BC712 /* Runtime */,
				EE330F7EC31DF971D2D35231 /* Sync */,
				F974C888A3984B357AC11A62 /* Views */,
			);
			path = Diem;
			sourceTree = "<group>";
		};
		15101824FB97D042EF050EA2 /* Design */ = {
			isa = PBXGroup;
			children = (
				8ACB09F69A16D15845B39A78 /* Format.swift */,
				D03D2744555792EAD554FC6D /* Haptics.swift */,
				5B8125987321C9C8AEA5B9A8 /* Motion.swift */,
				79FEC56E15B2434B72337B47 /* Palette.swift */,
				4A8808013FF35134425D8B07 /* Typography.swift */,
			);
			path = Design;
			sourceTree = "<group>";
		};
		2A8D23BB1D6884B5710BB740 /* Model */ = {
			isa = PBXGroup;
			children = (
				E9AD57DC0DA581EFD592A7D6 /* Container.swift */,
				345FD0320E7194708893ED01 /* Day.swift */,
				54334F5537871E2C7EA6BD23 /* Models.swift */,
				1309DDF384E2F844653B0B32 /* SessionAlerts.swift */,
				493D93037765AD89B20E4CCB /* SessionAssembly.swift */,
				A431A00C17F2B16602C52A97 /* SessionStore.swift */,
				B55D46CCF4E039C2BD138E8D /* Settings.swift */,
				6F7012673AE82E08FDA6339B /* Snapshot.swift */,
				850E867C6B95294573F84B5D /* SnapshotStore.swift */,
			);
			path = Model;
			sourceTree = "<group>";
		};
		3E76690061FB770111A737C8 /* Intents */ = {
			isa = PBXGroup;
			children = (
				8F4A3B1D342701FFD25F739A /* Intents.swift */,
			);
			path = Intents;
			sourceTree = "<group>";
		};
		48BF41FFE37BDE16362028F4 /* DiemTests */ = {
			isa = PBXGroup;
			children = (
				4DD2D4174827420C7CBF92F8 /* DiemTests.swift */,
			);
			path = DiemTests;
			sourceTree = "<group>";
		};
		4DC22CB9E336BF8372834B93 /* DiemWidget */ = {
			isa = PBXGroup;
			children = (
				3FD263511FA5FADEE6B0EF0D /* Complication.swift */,
				CC07A5D640484D3EC700CC65 /* DiemWidget.entitlements */,
				FB648F818F8AE1222827AF03 /* DiemWidgetBundle.swift */,
				C2F1A65C6496ACA604C0DEB1 /* Info.plist */,
				A4ABBA0C62A1A0B7B450260B /* Provider.swift */,
				FDEC20F754782AA88524FCCA /* StartControl.swift */,
			);
			path = DiemWidget;
			sourceTree = "<group>";
		};
		78D5E6270E697BD70D5A2D65 /* Products */ = {
			isa = PBXGroup;
			children = (
				F154811349A5EF4469942DD3 /* Diem.app */,
				198653713F9F948208B093AA /* DiemTests.xctest */,
				6B9823903628D82B230AE4D1 /* DiemWidget.appex */,
			);
			name = Products;
			sourceTree = "<group>";
		};
		97BAB64FED1CBC4D3E7DBF8B = {
			isa = PBXGroup;
			children = (
				110DA6468804FD86538712D6 /* Diem */,
				BDB017253273D6EC38EADED3 /* diem */,
				48BF41FFE37BDE16362028F4 /* DiemTests */,
				4DC22CB9E336BF8372834B93 /* DiemWidget */,
				78D5E6270E697BD70D5A2D65 /* Products */,
			);
			sourceTree = "<group>";
		};
		BDB017253273D6EC38EADED3 /* diem */ = {
			isa = PBXGroup;
			children = (
				CDA60C35C368320B2F421887 /* README.md */,
			);
			name = diem;
			path = ..;
			sourceTree = "<group>";
		};
		DEE89DE3E2D2212A526BC712 /* Runtime */ = {
			isa = PBXGroup;
			children = (
				9CA3439E31625AE5D9A9F009 /* SessionRuntime.swift */,
			);
			path = Runtime;
			sourceTree = "<group>";
		};
		EE330F7EC31DF971D2D35231 /* Sync */ = {
			isa = PBXGroup;
			children = (
				3B1EF7E010299E5578853698 /* DTO.swift */,
				4764E9AACBF24D7A5C1F3BB4 /* SyncClient.swift */,
			);
			path = Sync;
			sourceTree = "<group>";
		};
		F974C888A3984B357AC11A62 /* Views */ = {
			isa = PBXGroup;
			children = (
				1014A2DC203E5ADC6C6E3C68 /* Confirmation.swift */,
				A55157A3FE9999E61B7D9E5E /* Controls.swift */,
				FCDC46FDA778F65903E1156E /* DoneView.swift */,
				63286F0EAC4BFBC2B1A94BC5 /* LayoutHarness.swift */,
				31A588ACBD2EE823959933BB /* MetricsView.swift */,
				00A63377F93089CCF2F40A27 /* Numerals.swift */,
				37FDC359D05C5F9A350995E4 /* PairingView.swift */,
				D5F0C3D3CDD39E28D521A192 /* Ring.swift */,
				CF2ADE59FD605940AF33827A /* RootView.swift */,
				AA1190389AF45A3D9D91DE58 /* RunningView.swift */,
				BCCD9CE090CFD7D47DBA617E /* Scrub.swift */,
				396BE373F45A58AC71379D7C /* SettingsView.swift */,
				1EAB8755B77699528C038DCD /* StartView.swift */,
				4F910F20434CE64811FABA46 /* SubjectBar.swift */,
				24E39FFA9907B61D159848BE /* SubjectPicker.swift */,
				D52F0387E69EB6DE2ADD2DFE /* SubjectRing.swift */,
			);
			path = Views;
			sourceTree = "<group>";
		};
/* End PBXGroup section */

/* Begin PBXNativeTarget section */
		2B944C8E2816BC22DCDCE744 /* DiemWidget */ = {
			isa = PBXNativeTarget;
			buildConfigurationList = 3378B6AB8F5E52C804734269 /* Build configuration list for PBXNativeTarget "DiemWidget" */;
			buildPhases = (
				DACA83B6A6C396A0B3A87C86 /* Sources */,
			);
			buildRules = (
			);
			dependencies = (
			);
			name = DiemWidget;
			packageProductDependencies = (
			);
			productName = DiemWidget;
			productReference = 6B9823903628D82B230AE4D1 /* DiemWidget.appex */;
			productType = "com.apple.product-type.app-extension";
		};
		3C7A05BFB9FB2312E47D6253 /* Diem */ = {
			isa = PBXNativeTarget;
			buildConfigurationList = 96FE1B3AD64D6315ED9B096D /* Build configuration list for PBXNativeTarget "Diem" */;
			buildPhases = (
				E4669F8F14A70FD481E2E06C /* Sources */,
				6D9F630701A32CEAD70B9937 /* Embed Foundation Extensions */,
			);
			buildRules = (
			);
			dependencies = (
				BA7C7C3BA70A2762D16E7272 /* PBXTargetDependency */,
			);
			name = Diem;
			packageProductDependencies = (
			);
			productName = Diem;
			productReference = F154811349A5EF4469942DD3 /* Diem.app */;
			productType = "com.apple.product-type.application";
		};
		8727929C810B49A663B16299 /* DiemTests */ = {
			isa = PBXNativeTarget;
			buildConfigurationList = 02BC92C548D053838EAE8FA0 /* Build configuration list for PBXNativeTarget "DiemTests" */;
			buildPhases = (
				72ACC62317F8854DBC4CD4C3 /* Sources */,
			);
			buildRules = (
			);
			dependencies = (
				7039133CF799414BBE51B7A9 /* PBXTargetDependency */,
			);
			name = DiemTests;
			packageProductDependencies = (
			);
			productName = DiemTests;
			productReference = 198653713F9F948208B093AA /* DiemTests.xctest */;
			productType = "com.apple.product-type.bundle.unit-test";
		};
/* End PBXNativeTarget section */

/* Begin PBXProject section */
		26475DF56FCF64F8B7210BE1 /* Project object */ = {
			isa = PBXProject;
			attributes = {
				BuildIndependentTargetsInParallel = YES;
				LastUpgradeCheck = 1430;
				TargetAttributes = {
					2B944C8E2816BC22DCDCE744 = {
						DevelopmentTeam = "";
					};
					3C7A05BFB9FB2312E47D6253 = {
						DevelopmentTeam = "";
					};
					8727929C810B49A663B16299 = {
						DevelopmentTeam = "";
					};
				};
			};
			buildConfigurationList = 7C2C90580456060282A6CF8F /* Build configuration list for PBXProject "Diem" */;
			compatibilityVersion = "Xcode 14.0";
			developmentRegion = en;
			hasScannedForEncodings = 0;
			knownRegions = (
				Base,
				en,
			);
			mainGroup = 97BAB64FED1CBC4D3E7DBF8B;
			minimizedProjectReferenceProxies = 1;
			preferredProjectObjectVersion = 77;
			projectDirPath = "";
			projectRoot = "";
			targets = (
				3C7A05BFB9FB2312E47D6253 /* Diem */,
				8727929C810B49A663B16299 /* DiemTests */,
				2B944C8E2816BC22DCDCE744 /* DiemWidget */,
			);
		};
/* End PBXProject section */

/* Begin PBXSourcesBuildPhase section */
		72ACC62317F8854DBC4CD4C3 /* Sources */ = {
			isa = PBXSourcesBuildPhase;
			buildActionMask = 2147483647;
			files = (
				650055184262F15DB6E1666A /* DiemTests.swift in Sources */,
			);
			runOnlyForDeploymentPostprocessing = 0;
		};
		DACA83B6A6C396A0B3A87C86 /* Sources */ = {
			isa = PBXSourcesBuildPhase;
			buildActionMask = 2147483647;
			files = (
				4BC244454B11E6A446442918 /* Complication.swift in Sources */,
				7B42C5BFED6D5B4A5156A6A2 /* Container.swift in Sources */,
				71118322CA68582B97F5DCBA /* DTO.swift in Sources */,
				84773571E410F4AF79F37DCE /* Day.swift in Sources */,
				AFFDDE4A3FC725C9A314E82D /* DiemWidgetBundle.swift in Sources */,
				4AFDA592407F8C46E3C9B3B8 /* Format.swift in Sources */,
				B4585CB61E618E0CCB12983F /* Haptics.swift in Sources */,
				3A02C322C2C8A28DB6CD19F7 /* Intents.swift in Sources */,
				426A581AA6EA3C0383739028 /* Models.swift in Sources */,
				A37C10458A3F88698285F562 /* Motion.swift in Sources */,
				AEA9FC2DBE46414299FFE7C0 /* Palette.swift in Sources */,
				BDA0053295165F6AB258D933 /* Provider.swift in Sources */,
				A6551F7FE6B4B8A0B90ED2ED /* SessionAlerts.swift in Sources */,
				466037A6A26E46CE6B34FFD6 /* SessionAssembly.swift in Sources */,
				4E140947BD1A396FE4370AB3 /* SessionStore.swift in Sources */,
				BDC2D1BCBC6C0E909B4E6599 /* Settings.swift in Sources */,
				DA6F02583ECFCEB70EB11F0A /* Snapshot.swift in Sources */,
				38B40E6845BE5EEF066699B0 /* SnapshotStore.swift in Sources */,
				CCCC93EDE1365C7BE0936A50 /* StartControl.swift in Sources */,
				7127006E0B304302ABF54FA3 /* Typography.swift in Sources */,
			);
			runOnlyForDeploymentPostprocessing = 0;
		};
		E4669F8F14A70FD481E2E06C /* Sources */ = {
			isa = PBXSourcesBuildPhase;
			buildActionMask = 2147483647;
			files = (
				CE93E80364AA84EECC757359 /* Confirmation.swift in Sources */,
				B49EBA3B30767EA5875C7C3B /* Container.swift in Sources */,
				ABE1F285957D3A6DBD5B0360 /* Controls.swift in Sources */,
				5CCD951ACB80EA46ED4EF632 /* DTO.swift in Sources */,
				E03422E7E56F81AD6AFFB433 /* Day.swift in Sources */,
				B04F45B3BDC60952EA406062 /* DiemApp.swift in Sources */,
				B87ACF0AC9B18D033CD253FA /* DoneView.swift in Sources */,
				B258B395551BE10C62780F86 /* Format.swift in Sources */,
				B6486D209E84FE05B76ACEF6 /* Haptics.swift in Sources */,
				C435490633FE5427479DFD53 /* Intents.swift in Sources */,
				BE435EE517C230A26F87AA70 /* LayoutHarness.swift in Sources */,
				C01B4DF497668C32985838B0 /* MetricsView.swift in Sources */,
				902110CC4B6488E1058A16CD /* Models.swift in Sources */,
				17775DC616C6FCDF4313B03A /* Motion.swift in Sources */,
				5774404070B8F450004D34E5 /* Numerals.swift in Sources */,
				C309A1B7ADB3CE0DD25781F4 /* PairingView.swift in Sources */,
				C7588ED70D2F2A49D9D48D4B /* Palette.swift in Sources */,
				AC29144BCBC0923AE6735F08 /* Ring.swift in Sources */,
				CC53FB880880FB2E5B77428E /* RootView.swift in Sources */,
				1C36EEBC95F285CE97B58C5D /* RunningView.swift in Sources */,
				9C0D8270DF11F8EBADF6C4C9 /* Scrub.swift in Sources */,
				15AE5DBD05DBE3CE468B12F7 /* SessionAlerts.swift in Sources */,
				4B2DEDED08E48CC853E5C339 /* SessionAssembly.swift in Sources */,
				18456788418A185BDEBFF9E6 /* SessionRuntime.swift in Sources */,
				B70E2786F2C7BBE9BABD279A /* SessionStore.swift in Sources */,
				4FD05E66B14BE0DA3BDE67CE /* Settings.swift in Sources */,
				605560B8D8A8C3AB937C33AD /* SettingsView.swift in Sources */,
				DF505FA3534DDDAD9C1DC5E7 /* Snapshot.swift in Sources */,
				D97BED35C8FFEBD56BE64AEE /* SnapshotStore.swift in Sources */,
				19F035EDD477589ECFA9596A /* StartView.swift in Sources */,
				83573A6D177151E3777778B3 /* SubjectBar.swift in Sources */,
				102797B8CC0FEF72DB4D01DF /* SubjectPicker.swift in Sources */,
				B70ED183C7D835B6BBF76FA3 /* SubjectRing.swift in Sources */,
				448FA7D0D0CF39FA4FFA2638 /* SyncClient.swift in Sources */,
				D5C8AD7080992B6F60A6BF1D /* Typography.swift in Sources */,
			);
			runOnlyForDeploymentPostprocessing = 0;
		};
/* End PBXSourcesBuildPhase section */

/* Begin PBXTargetDependency section */
		7039133CF799414BBE51B7A9 /* PBXTargetDependency */ = {
			isa = PBXTargetDependency;
			target = 3C7A05BFB9FB2312E47D6253 /* Diem */;
			targetProxy = EAB23CD1B3FA202CD5E0D0D3 /* PBXContainerItemProxy */;
		};
		BA7C7C3BA70A2762D16E7272 /* PBXTargetDependency */ = {
			isa = PBXTargetDependency;
			target = 2B944C8E2816BC22DCDCE744 /* DiemWidget */;
			targetProxy = 9550B7485D69BC6D6E3CE638 /* PBXContainerItemProxy */;
		};
/* End PBXTargetDependency section */

/* Begin XCBuildConfiguration section */
		19C4062B472DC812AB1BBCAD /* Release */ = {
			isa = XCBuildConfiguration;
			buildSettings = {
				ALWAYS_SEARCH_USER_PATHS = NO;
				CLANG_ANALYZER_NONNULL = YES;
				CLANG_ANALYZER_NUMBER_OBJECT_CONVERSION = YES_AGGRESSIVE;
				CLANG_CXX_LANGUAGE_STANDARD = "gnu++14";
				CLANG_CXX_LIBRARY = "libc++";
				CLANG_ENABLE_MODULES = YES;
				CLANG_ENABLE_OBJC_ARC = YES;
				CLANG_ENABLE_OBJC_WEAK = YES;
				CLANG_WARN_BLOCK_CAPTURE_AUTORELEASING = YES;
				CLANG_WARN_BOOL_CONVERSION = YES;
				CLANG_WARN_COMMA = YES;
				CLANG_WARN_CONSTANT_CONVERSION = YES;
				CLANG_WARN_DEPRECATED_OBJC_IMPLEMENTATIONS = YES;
				CLANG_WARN_DIRECT_OBJC_ISA_USAGE = YES_ERROR;
				CLANG_WARN_DOCUMENTATION_COMMENTS = YES;
				CLANG_WARN_EMPTY_BODY = YES;
				CLANG_WARN_ENUM_CONVERSION = YES;
				CLANG_WARN_INFINITE_RECURSION = YES;
				CLANG_WARN_INT_CONVERSION = YES;
				CLANG_WARN_NON_LITERAL_NULL_CONVERSION = YES;
				CLANG_WARN_OBJC_IMPLICIT_RETAIN_SELF = YES;
				CLANG_WARN_OBJC_LITERAL_CONVERSION = YES;
				CLANG_WARN_OBJC_ROOT_CLASS = YES_ERROR;
				CLANG_WARN_QUOTED_INCLUDE_IN_FRAMEWORK_HEADER = YES;
				CLANG_WARN_RANGE_LOOP_ANALYSIS = YES;
				CLANG_WARN_STRICT_PROTOTYPES = YES;
				CLANG_WARN_SUSPICIOUS_MOVE = YES;
				CLANG_WARN_UNGUARDED_AVAILABILITY = YES_AGGRESSIVE;
				CLANG_WARN_UNREACHABLE_CODE = YES;
				CLANG_WARN__DUPLICATE_METHOD_MATCH = YES;
				COPY_PHASE_STRIP = NO;
				CURRENT_PROJECT_VERSION = 1;
				DEBUG_INFORMATION_FORMAT = "dwarf-with-dsym";
				DEVELOPMENT_TEAM = "";
				ENABLE_NS_ASSERTIONS = NO;
				ENABLE_STRICT_OBJC_MSGSEND = YES;
				ENABLE_USER_SCRIPT_SANDBOXING = YES;
				GCC_C_LANGUAGE_STANDARD = gnu11;
				GCC_NO_COMMON_BLOCKS = YES;
				GCC_WARN_64_TO_32_BIT_CONVERSION = YES;
				GCC_WARN_ABOUT_RETURN_TYPE = YES_ERROR;
				GCC_WARN_UNDECLARED_SELECTOR = YES;
				GCC_WARN_UNINITIALIZED_AUTOS = YES_AGGRESSIVE;
				GCC_WARN_UNUSED_FUNCTION = YES;
				GCC_WARN_UNUSED_VARIABLE = YES;
				GENERATE_INFOPLIST_FILE = NO;
				MARKETING_VERSION = 1.0;
				MTL_ENABLE_DEBUG_INFO = NO;
				MTL_FAST_MATH = YES;
				PRODUCT_NAME = "$(TARGET_NAME)";
				SDKROOT = watchos;
				SWIFT_COMPILATION_MODE = wholemodule;
				SWIFT_OPTIMIZATION_LEVEL = "-O";
				SWIFT_STRICT_CONCURRENCY = complete;
				SWIFT_VERSION = 6.0;
				WATCHOS_DEPLOYMENT_TARGET = 27.0;
			};
			name = Release;
		};
		1B486645CF8860A1D1A5C0D0 /* Debug */ = {
			isa = XCBuildConfiguration;
			buildSettings = {
				ALWAYS_SEARCH_USER_PATHS = NO;
				CLANG_ANALYZER_NONNULL = YES;
				CLANG_ANALYZER_NUMBER_OBJECT_CONVERSION = YES_AGGRESSIVE;
				CLANG_CXX_LANGUAGE_STANDARD = "gnu++14";
				CLANG_CXX_LIBRARY = "libc++";
				CLANG_ENABLE_MODULES = YES;
				CLANG_ENABLE_OBJC_ARC = YES;
				CLANG_ENABLE_OBJC_WEAK = YES;
				CLANG_WARN_BLOCK_CAPTURE_AUTORELEASING = YES;
				CLANG_WARN_BOOL_CONVERSION = YES;
				CLANG_WARN_COMMA = YES;
				CLANG_WARN_CONSTANT_CONVERSION = YES;
				CLANG_WARN_DEPRECATED_OBJC_IMPLEMENTATIONS = YES;
				CLANG_WARN_DIRECT_OBJC_ISA_USAGE = YES_ERROR;
				CLANG_WARN_DOCUMENTATION_COMMENTS = YES;
				CLANG_WARN_EMPTY_BODY = YES;
				CLANG_WARN_ENUM_CONVERSION = YES;
				CLANG_WARN_INFINITE_RECURSION = YES;
				CLANG_WARN_INT_CONVERSION = YES;
				CLANG_WARN_NON_LITERAL_NULL_CONVERSION = YES;
				CLANG_WARN_OBJC_IMPLICIT_RETAIN_SELF = YES;
				CLANG_WARN_OBJC_LITERAL_CONVERSION = YES;
				CLANG_WARN_OBJC_ROOT_CLASS = YES_ERROR;
				CLANG_WARN_QUOTED_INCLUDE_IN_FRAMEWORK_HEADER = YES;
				CLANG_WARN_RANGE_LOOP_ANALYSIS = YES;
				CLANG_WARN_STRICT_PROTOTYPES = YES;
				CLANG_WARN_SUSPICIOUS_MOVE = YES;
				CLANG_WARN_UNGUARDED_AVAILABILITY = YES_AGGRESSIVE;
				CLANG_WARN_UNREACHABLE_CODE = YES;
				CLANG_WARN__DUPLICATE_METHOD_MATCH = YES;
				COPY_PHASE_STRIP = NO;
				CURRENT_PROJECT_VERSION = 1;
				DEBUG_INFORMATION_FORMAT = dwarf;
				DEVELOPMENT_TEAM = "";
				ENABLE_STRICT_OBJC_MSGSEND = YES;
				ENABLE_TESTABILITY = YES;
				ENABLE_USER_SCRIPT_SANDBOXING = YES;
				GCC_C_LANGUAGE_STANDARD = gnu11;
				GCC_DYNAMIC_NO_PIC = NO;
				GCC_NO_COMMON_BLOCKS = YES;
				GCC_OPTIMIZATION_LEVEL = 0;
				GCC_PREPROCESSOR_DEFINITIONS = (
					"$(inherited)",
					"DEBUG=1",
				);
				GCC_WARN_64_TO_32_BIT_CONVERSION = YES;
				GCC_WARN_ABOUT_RETURN_TYPE = YES_ERROR;
				GCC_WARN_UNDECLARED_SELECTOR = YES;
				GCC_WARN_UNINITIALIZED_AUTOS = YES_AGGRESSIVE;
				GCC_WARN_UNUSED_FUNCTION = YES;
				GCC_WARN_UNUSED_VARIABLE = YES;
				GENERATE_INFOPLIST_FILE = NO;
				MARKETING_VERSION = 1.0;
				MTL_ENABLE_DEBUG_INFO = INCLUDE_SOURCE;
				MTL_FAST_MATH = YES;
				ONLY_ACTIVE_ARCH = YES;
				PRODUCT_NAME = "$(TARGET_NAME)";
				SDKROOT = watchos;
				SWIFT_ACTIVE_COMPILATION_CONDITIONS = DEBUG;
				SWIFT_OPTIMIZATION_LEVEL = "-Onone";
				SWIFT_STRICT_CONCURRENCY = complete;
				SWIFT_VERSION = 6.0;
				WATCHOS_DEPLOYMENT_TARGET = 27.0;
			};
			name = Debug;
		};
		24CEFC74475C67CD0B3747ED /* Debug */ = {
			isa = XCBuildConfiguration;
			buildSettings = {
				CODE_SIGN_ENTITLEMENTS = DiemWidget/DiemWidget.entitlements;
				INFOPLIST_FILE = DiemWidget/Info.plist;
				LD_RUNPATH_SEARCH_PATHS = (
					"$(inherited)",
					"@executable_path/Frameworks",
					"@executable_path/../../Frameworks",
				);
				PRODUCT_BUNDLE_IDENTIFIER = com.injoon5.diem.watchkitapp.widget;
				SDKROOT = watchos;
				SKIP_INSTALL = YES;
				TARGETED_DEVICE_FAMILY = 4;
			};
			name = Debug;
		};
		26EE56AC7F13882C36CCF155 /* Release */ = {
			isa = XCBuildConfiguration;
			buildSettings = {
				ASSETCATALOG_COMPILER_APPICON_NAME = AppIcon;
				CODE_SIGN_ENTITLEMENTS = Diem/Diem.entitlements;
				INFOPLIST_FILE = Diem/Info.plist;
				INFOPLIST_KEY_CFBundleDisplayName = Diem;
				PRODUCT_BUNDLE_IDENTIFIER = com.injoon5.diem.watchkitapp;
				SDKROOT = watchos;
				SKIP_INSTALL = YES;
				TARGETED_DEVICE_FAMILY = 4;
			};
			name = Release;
		};
		3C9F051A21248FFF45A7C7C1 /* Release */ = {
			isa = XCBuildConfiguration;
			buildSettings = {
				CODE_SIGN_ENTITLEMENTS = DiemWidget/DiemWidget.entitlements;
				INFOPLIST_FILE = DiemWidget/Info.plist;
				LD_RUNPATH_SEARCH_PATHS = (
					"$(inherited)",
					"@executable_path/Frameworks",
					"@executable_path/../../Frameworks",
				);
				PRODUCT_BUNDLE_IDENTIFIER = com.injoon5.diem.watchkitapp.widget;
				SDKROOT = watchos;
				SKIP_INSTALL = YES;
				TARGETED_DEVICE_FAMILY = 4;
			};
			name = Release;
		};
		7081540C5433092EC5B93316 /* Debug */ = {
			isa = XCBuildConfiguration;
			buildSettings = {
				ASSETCATALOG_COMPILER_APPICON_NAME = AppIcon;
				CODE_SIGN_ENTITLEMENTS = Diem/Diem.entitlements;
				INFOPLIST_FILE = Diem/Info.plist;
				INFOPLIST_KEY_CFBundleDisplayName = Diem;
				PRODUCT_BUNDLE_IDENTIFIER = com.injoon5.diem.watchkitapp;
				SDKROOT = watchos;
				SKIP_INSTALL = YES;
				TARGETED_DEVICE_FAMILY = 4;
			};
			name = Debug;
		};
		AB69A6460B4E2A8B55F50FEF /* Release */ = {
			isa = XCBuildConfiguration;
			buildSettings = {
				BUNDLE_LOADER = "$(TEST_HOST)";
				LD_RUNPATH_SEARCH_PATHS = (
					"$(inherited)",
					"@executable_path/Frameworks",
					"@loader_path/Frameworks",
				);
				PRODUCT_BUNDLE_IDENTIFIER = com.injoon5.diem.watchkitapp.tests;
				SDKROOT = watchos;
				SKIP_INSTALL = YES;
				TARGETED_DEVICE_FAMILY = 4;
				TEST_HOST = "$(BUILT_PRODUCTS_DIR)/Diem.app/Diem";
			};
			name = Release;
		};
		AD6985818942561D07E58DFC /* Debug */ = {
			isa = XCBuildConfiguration;
			buildSettings = {
				BUNDLE_LOADER = "$(TEST_HOST)";
				LD_RUNPATH_SEARCH_PATHS = (
					"$(inherited)",
					"@executable_path/Frameworks",
					"@loader_path/Frameworks",
				);
				PRODUCT_BUNDLE_IDENTIFIER = com.injoon5.diem.watchkitapp.tests;
				SDKROOT = watchos;
				SKIP_INSTALL = YES;
				TARGETED_DEVICE_FAMILY = 4;
				TEST_HOST = "$(BUILT_PRODUCTS_DIR)/Diem.app/Diem";
			};
			name = Debug;
		};
/* End XCBuildConfiguration section */

/* Begin XCConfigurationList section */
		02BC92C548D053838EAE8FA0 /* Build configuration list for PBXNativeTarget "DiemTests" */ = {
			isa = XCConfigurationList;
			buildConfigurations = (
				AD6985818942561D07E58DFC /* Debug */,
				AB69A6460B4E2A8B55F50FEF /* Release */,
			);
			defaultConfigurationIsVisible = 0;
			defaultConfigurationName = Debug;
		};
		3378B6AB8F5E52C804734269 /* Build configuration list for PBXNativeTarget "DiemWidget" */ = {
			isa = XCConfigurationList;
			buildConfigurations = (
				24CEFC74475C67CD0B3747ED /* Debug */,
				3C9F051A21248FFF45A7C7C1 /* Release */,
			);
			defaultConfigurationIsVisible = 0;
			defaultConfigurationName = Debug;
		};
		7C2C90580456060282A6CF8F /* Build configuration list for PBXProject "Diem" */ = {
			isa = XCConfigurationList;
			buildConfigurations = (
				1B486645CF8860A1D1A5C0D0 /* Debug */,
				19C4062B472DC812AB1BBCAD /* Release */,
			);
			defaultConfigurationIsVisible = 0;
			defaultConfigurationName = Debug;
		};
		96FE1B3AD64D6315ED9B096D /* Build configuration list for PBXNativeTarget "Diem" */ = {
			isa = XCConfigurationList;
			buildConfigurations = (
				7081540C5433092EC5B93316 /* Debug */,
				26EE56AC7F13882C36CCF155 /* Release */,
			);
			defaultConfigurationIsVisible = 0;
			defaultConfigurationName = Debug;
		};
/* End XCConfigurationList section */
	};
	rootObject = 26475DF56FCF64F8B7210BE1 /* Project object */;
}
